
Microsoft Visual Studio Solution File, Format Version 12.00
# Visual Studio Version 16
VisualStudioVersion = 16.0.31605.320
MinimumVisualStudioVersion = 10.0.40219.1
Project("{FAE04EC0-301F-11D3-BF4B-00C04F79EFBC}") = "Blog.Core", "Blog.Core\Blog.Core.csproj", "{49F97E48-DCCE-4AD3-8086-D953E66A108D}"
EndProject
Project("{FAE04EC0-301F-11D3-BF4B-00C04F79EFBC}") = "Blog.Entities", "Blog.Entities\Blog.Entities.csproj", "{032B6B63-E841-42D3-BA24-D66A2878E086}"
EndProject
Project("{FAE04EC0-301F-11D3-BF4B-00C04F79EFBC}") = "Blog.DataAccess", "Blog.DataAccess\Blog.DataAccess.csproj", "{CDB9896A-DCF0-4AAE-A4D0-A03639941ECA}"
EndProject
Project("{FAE04EC0-301F-11D3-BF4B-00C04F79EFBC}") = "Blog.Business", "Blog.Business\Blog.Business.csproj", "{22AC6787-2B43-4D07-9201-2A817661BDF7}"
EndProject
Project("{FAE04EC0-301F-11D3-BF4B-00C04F79EFBC}") = "Blog.MVCUI", "Blog.MVCUI\Blog.MVCUI.csproj", "{F2A5F47B-0FA5-4704-940D-FDBF97C263B6}"
EndProject
Global
	GlobalSection(SolutionConfigurationPlatforms) = preSolution
		Debug|Any CPU = Debug|Any CPU
		Release|Any CPU = Release|Any CPU
	EndGlobalSection
	GlobalSection(ProjectConfigurationPlatforms) = postSolution
		{49F97E48-DCCE-4AD3-8086-D953E66A108D}.Debug|Any CPU.ActiveCfg = Debug|Any CPU
		{49F97E48-DCCE-4AD3-8086-D953E66A108D}.Debug|Any CPU.Build.0 = Debug|Any CPU
		{49F97E48-DCCE-4AD3-8086-D953E66A108D}.Release|Any CPU.ActiveCfg = Release|Any CPU
		{49F97E48-DCCE-4AD3-8086-D953E66A108D}.Release|Any CPU.Build.0 = Release|Any CPU
		{032B6B63-E841-42D3-BA24-D66A2878E086}.Debug|Any CPU.ActiveCfg = Debug|Any CPU
		{032B6B63-E841-42D3-BA24-D66A2878E086}.Debug|Any CPU.Build.0 = Debug|Any CPU
		{032B6B63-E841-42D3-BA24-D66A2878E086}.Release|Any CPU.ActiveCfg = Release|Any CPU
		{032B6B63-E841-42D3-BA24-D66A2878E086}.Release|Any CPU.Build.0 = Release|Any CPU
		{CDB9896A-DCF0-4AAE-A4D0-A03639941ECA}.Debug|Any CPU.ActiveCfg = Debug|Any CPU
		{CDB9896A-DCF0-4AAE-A4D0-A03639941ECA}.Debug|Any CPU.Build.0 = Debug|Any CPU
		{CDB9896A-DCF0-4AAE-A4D0-A03639941ECA}.Release|Any CPU.ActiveCfg = Release|Any CPU
		{CDB9896A-DCF0-4AAE-A4D0-A03639941ECA}.Release|Any CPU.Build.0 = Release|Any CPU
		{22AC6787-2B43-4D07-9201-2A817661BDF7}.Debug|Any CPU.ActiveCfg = Debug|Any CPU
		{22AC6787-2B43-4D07-9201-2A817661BDF7}.Debug|Any CPU.Build.0 = Debug|Any CPU
		{22AC6787-2B43-4D07-9201-2A817661BDF7}.Release|Any CPU.ActiveCfg = Release|Any CPU
		{22AC6787-2B43-4D07-9201-2A817661BDF7}.Release|Any CPU.Build.0 = Release|Any CPU
		{F2A5F47B-0FA5-4704-940D-FDBF97C263B6}.Debug|Any CPU.ActiveCfg = Debug|Any CPU
		{F2A5F47B-0FA5-4704-940D-FDBF97C263B6}.Debug|Any CPU.Build.0 = Debug|Any CPU
		{F2A5F47B-0FA5-4704-940D-FDBF97C263B6}.Release|Any CPU.ActiveCfg = Release|Any CPU
		{F2A5F47B-0FA5-4704-940D-FDBF97C263B6}.Release|Any CPU.Build.0 = Release|Any CPU
	EndGlobalSection
	GlobalSection(SolutionProperties) = preSolution
		HideSolutionNode = FALSE
	EndGlobalSection
	GlobalSection(ExtensibilityGlobals) = postSolution
		SolutionGuid = {D49F89B9-A184-4006-912B-A003FE778D56}
	EndGlobalSection
EndGlobal
